
Microsoft Visual Studio Solution File, Format Version 12.00
Project("{FAE04EC0-301F-11D3-BF4B-00C04F79EFBC}") = "FusionCacheTests", "FusionCacheTests\FusionCacheTests.csproj", "{69AD231C-007B-439B-9DBF-EC57CB374EB6}"
EndProject
Project("{FAE04EC0-301F-11D3-BF4B-00C04F79EFBC}") = "QuotationService", "QuotationService\QuotationService.csproj", "{3387926D-5921-4D5B-A8E4-30E9D157C423}"
EndProject
Global
	GlobalSection(SolutionConfigurationPlatforms) = preSolution
		Debug|Any CPU = Debug|Any CPU
		Release|Any CPU = Release|Any CPU
	EndGlobalSection
	GlobalSection(ProjectConfigurationPlatforms) = postSolution
		{69AD231C-007B-439B-9DBF-EC57CB374EB6}.Debug|Any CPU.ActiveCfg = Debug|Any CPU
		{69AD231C-007B-439B-9DBF-EC57CB374EB6}.Debug|Any CPU.Build.0 = Debug|Any CPU
		{69AD231C-007B-439B-9DBF-EC57CB374EB6}.Release|Any CPU.ActiveCfg = Release|Any CPU
		{69AD231C-007B-439B-9DBF-EC57CB374EB6}.Release|Any CPU.Build.0 = Release|Any CPU
		{3387926D-5921-4D5B-A8E4-30E9D157C423}.Debug|Any CPU.ActiveCfg = Debug|Any CPU
		{3387926D-5921-4D5B-A8E4-30E9D157C423}.Debug|Any CPU.Build.0 = Debug|Any CPU
		{3387926D-5921-4D5B-A8E4-30E9D157C423}.Release|Any CPU.ActiveCfg = Release|Any CPU
		{3387926D-5921-4D5B-A8E4-30E9D157C423}.Release|Any CPU.Build.0 = Release|Any CPU
	EndGlobalSection
EndGlobal
